PODS:
  - AppLovinSDK (13.6.3)
  - Google-Mobile-Ads-SDK (13.5.0):
    - GoogleUserMessagingPlatform (>= 1.1)
  - GoogleUserMessagingPlatform (3.1.0)
  - Life360AdsSDK (1.0.0):
    - Life360AdsSDK/core (= 1.0.0)
  - Life360AdsSDK/core (1.0.0)
  - Life360AdsSDKAdMobAdapters (1.0.0):
    - Google-Mobile-Ads-SDK (>= 13.0.0)
    - Life360AdsSDK (= 1.0.0)
  - Life360AdsSDKGAMEventHandlers (1.0.0):
    - Google-Mobile-Ads-SDK (>= 13.0.0)
    - Life360AdsSDK (= 1.0.0)
  - Life360AdsSDKMAXAdapters (1.0.0):
    - AppLovinSDK
    - Life360AdsSDK (= 1.0.0)

DEPENDENCIES:
  - Life360AdsSDK
  - Life360AdsSDKAdMobAdapters
  - Life360AdsSDKGAMEventHandlers
  - Life360AdsSDKMAXAdapters

SPEC REPOS:
  trunk:
    - AppLovinSDK
    - Google-Mobile-Ads-SDK
    - GoogleUserMessagingPlatform
    - Life360AdsSDK
    - Life360AdsSDKAdMobAdapters
    - Life360AdsSDKGAMEventHandlers
    - Life360AdsSDKMAXAdapters

SPEC CHECKSUMS:
  AppLovinSDK: f3da9503e8193d8c4badc1a9965d73a0779812fa
  Google-Mobile-Ads-SDK: 2171620c6497804b57dc88b95644cc82e7dfb5b0
  GoogleUserMessagingPlatform: befe603da6501006420c206222acd449bba45a9c
  Life360AdsSDK: 43e5b1b46e29e0ddff5353c11e9e2646e99da036
  Life360AdsSDKAdMobAdapters: d38e0aa50914edcbe2c4cfc3282baa6c93f44954
  Life360AdsSDKGAMEventHandlers: fada61ad6a63676de807cb062d387ac5ab5fdd46
  Life360AdsSDKMAXAdapters: 285fd7f6fad7584e23c92e50ef2ce73863113dd5

PODFILE CHECKSUM: c818cf17d2670d715980a1883dc9466164b9db90

COCOAPODS: 1.16.2
